
Microsoft Visual Studio Solution File, Format Version 12.00
Project("{FAE04EC0-301F-11D3-BF4B-00C04F79EFBC}") = "GameOfLife", "GameOfLife\GameOfLife.csproj", "{14A04EDC-D44A-4F82-AEE4-4C90F51507BA}"
EndProject
Project("{FAE04EC0-301F-11D3-BF4B-00C04F79EFBC}") = "GameOfLifeTests", "GameOfLifeTests\GameOfLifeTests.csproj", "{757B2735-D759-45E0-A717-5EB788682A91}"
EndProject
Project("{FAE04EC0-301F-11D3-BF4B-00C04F79EFBC}") = "GameOfLifeGraphics", "GameOfLifeGraphics\GameOfLifeGraphics.csproj", "{10C14BF1-DA3D-440E-BBF1-7ED9EF757C86}"
EndProject
Project("{FAE04EC0-301F-11D3-BF4B-00C04F79EFBC}") = "MyGame", "MyGame\MyGame.csproj", "{7812DB86-DE24-46C6-828C-C09BDFBB3CBC}"
EndProject
Global
	GlobalSection(SolutionConfigurationPlatforms) = preSolution
		Debug|Any CPU = Debug|Any CPU
		Release|Any CPU = Release|Any CPU
	EndGlobalSection
	GlobalSection(ProjectConfigurationPlatforms) = postSolution
		{14A04EDC-D44A-4F82-AEE4-4C90F51507BA}.Debug|Any CPU.ActiveCfg = Debug|Any CPU
		{14A04EDC-D44A-4F82-AEE4-4C90F51507BA}.Debug|Any CPU.Build.0 = Debug|Any CPU
		{14A04EDC-D44A-4F82-AEE4-4C90F51507BA}.Release|Any CPU.ActiveCfg = Release|Any CPU
		{14A04EDC-D44A-4F82-AEE4-4C90F51507BA}.Release|Any CPU.Build.0 = Release|Any CPU
		{757B2735-D759-45E0-A717-5EB788682A91}.Debug|Any CPU.ActiveCfg = Debug|Any CPU
		{757B2735-D759-45E0-A717-5EB788682A91}.Debug|Any CPU.Build.0 = Debug|Any CPU
		{757B2735-D759-45E0-A717-5EB788682A91}.Release|Any CPU.ActiveCfg = Release|Any CPU
		{757B2735-D759-45E0-A717-5EB788682A91}.Release|Any CPU.Build.0 = Release|Any CPU
		{10C14BF1-DA3D-440E-BBF1-7ED9EF757C86}.Debug|Any CPU.ActiveCfg = Debug|Any CPU
		{10C14BF1-DA3D-440E-BBF1-7ED9EF757C86}.Debug|Any CPU.Build.0 = Debug|Any CPU
		{10C14BF1-DA3D-440E-BBF1-7ED9EF757C86}.Release|Any CPU.ActiveCfg = Release|Any CPU
		{10C14BF1-DA3D-440E-BBF1-7ED9EF757C86}.Release|Any CPU.Build.0 = Release|Any CPU
		{7812DB86-DE24-46C6-828C-C09BDFBB3CBC}.Debug|Any CPU.ActiveCfg = Debug|Any CPU
		{7812DB86-DE24-46C6-828C-C09BDFBB3CBC}.Debug|Any CPU.Build.0 = Debug|Any CPU
		{7812DB86-DE24-46C6-828C-C09BDFBB3CBC}.Release|Any CPU.ActiveCfg = Release|Any CPU
		{7812DB86-DE24-46C6-828C-C09BDFBB3CBC}.Release|Any CPU.Build.0 = Release|Any CPU
	EndGlobalSection
EndGlobal
